
Microsoft Visual Studio Solution File, Format Version 12.00
# Visual Studio Version 16
VisualStudioVersion = 16.0.30907.101
MinimumVisualStudioVersion = 10.0.40219.1
Project("{FAE04EC0-301F-11D3-BF4B-00C04F79EFBC}") = "XamarinCalculator.Android", "XamarinCalculator\XamarinCalculator.Android\XamarinCalculator.Android.csproj", "{B5BE1971-EC8F-4B4F-868C-DB6FA1C9F30A}"
EndProject
Project("{FAE04EC0-301F-11D3-BF4B-00C04F79EFBC}") = "XamarinCalculator.iOS", "XamarinCalculator\XamarinCalculator.iOS\XamarinCalculator.iOS.csproj", "{1AC64574-B3B6-4EFD-8997-ECCC3D5F9542}"
EndProject
Project("{FAE04EC0-301F-11D3-BF4B-00C04F79EFBC}") = "XamarinCalculator", "XamarinCalculator\XamarinCalculator\XamarinCalculator.csproj", "{E0596228-CF54-405A-BE89-383D63301E70}"
EndProject
Global
	GlobalSection(SolutionConfigurationPlatforms) = preSolution
		Debug|Any CPU = Debug|Any CPU
		Debug|iPhone = Debug|iPhone
		Debug|iPhoneSimulator = Debug|iPhoneSimulator
		Release|Any CPU = Release|Any CPU
		Release|iPhone = Release|iPhone
		Release|iPhoneSimulator = Release|iPhoneSimulator
	EndGlobalSection
	GlobalSection(ProjectConfigurationPlatforms) = postSolution
		{B5BE1971-EC8F-4B4F-868C-DB6FA1C9F30A}.Debug|Any CPU.ActiveCfg = Debug|Any CPU
		{B5BE1971-EC8F-4B4F-868C-DB6FA1C9F30A}.Debug|Any CPU.Build.0 = Debug|Any CPU
		{B5BE1971-EC8F-4B4F-868C-DB6FA1C9F30A}.Debug|Any CPU.Deploy.0 = Debug|Any CPU
		{B5BE1971-EC8F-4B4F-868C-DB6FA1C9F30A}.Debug|iPhone.ActiveCfg = Debug|Any CPU
		{B5BE1971-EC8F-4B4F-868C-DB6FA1C9F30A}.Debug|iPhone.Build.0 = Debug|Any CPU
		{B5BE1971-EC8F-4B4F-868C-DB6FA1C9F30A}.Debug|iPhone.Deploy.0 = Debug|Any CPU
		{B5BE1971-EC8F-4B4F-868C-DB6FA1C9F30A}.Debug|iPhoneSimulator.ActiveCfg = Debug|Any CPU
		{B5BE1971-EC8F-4B4F-868C-DB6FA1C9F30A}.Debug|iPhoneSimulator.Build.0 = Debug|Any CPU
		{B5BE1971-EC8F-4B4F-868C-DB6FA1C9F30A}.Debug|iPhoneSimulator.Deploy.0 = Debug|Any CPU
		{B5BE1971-EC8F-4B4F-868C-DB6FA1C9F30A}.Release|Any CPU.ActiveCfg = Release|Any CPU
		{B5BE1971-EC8F-4B4F-868C-DB6FA1C9F30A}.Release|Any CPU.Build.0 = Release|Any CPU
		{B5BE1971-EC8F-4B4F-868C-DB6FA1C9F30A}.Release|Any CPU.Deploy.0 = Release|Any CPU
		{B5BE1971-EC8F-4B4F-868C-DB6FA1C9F30A}.Release|iPhone.ActiveCfg = Release|Any CPU
		{B5BE1971-EC8F-4B4F-868C-DB6FA1C9F30A}.Release|iPhone.Build.0 = Release|Any CPU
		{B5BE1971-EC8F-4B4F-868C-DB6FA1C9F30A}.Release|iPhone.Deploy.0 = Release|Any CPU
		{B5BE1971-EC8F-4B4F-868C-DB6FA1C9F30A}.Release|iPhoneSimulator.ActiveCfg = Release|Any CPU
		{B5BE1971-EC8F-4B4F-868C-DB6FA1C9F30A}.Release|iPhoneSimulator.Build.0 = Release|Any CPU
		{B5BE1971-EC8F-4B4F-868C-DB6FA1C9F30A}.Release|iPhoneSimulator.Deploy.0 = Release|Any CPU
		{1AC64574-B3B6-4EFD-8997-ECCC3D5F9542}.Debug|Any CPU.ActiveCfg = Debug|iPhone
		{1AC64574-B3B6-4EFD-8997-ECCC3D5F9542}.Debug|Any CPU.Build.0 = Debug|iPhone
		{1AC64574-B3B6-4EFD-8997-ECCC3D5F9542}.Debug|Any CPU.Deploy.0 = Debug|iPhone
		{1AC64574-B3B6-4EFD-8997-ECCC3D5F9542}.Debug|iPhone.ActiveCfg = Debug|iPhone
		{1AC64574-B3B6-4EFD-8997-ECCC3D5F9542}.Debug|iPhone.Build.0 = Debug|iPhone
		{1AC64574-B3B6-4EFD-8997-ECCC3D5F9542}.Debug|iPhone.Deploy.0 = Debug|iPhone
		{1AC64574-B3B6-4EFD-8997-ECCC3D5F9542}.Debug|iPhoneSimulator.ActiveCfg = Debug|iPhoneSimulator
		{1AC64574-B3B6-4EFD-8997-ECCC3D5F9542}.Debug|iPhoneSimulator.Build.0 = Debug|iPhoneSimulator
		{1AC64574-B3B6-4EFD-8997-ECCC3D5F9542}.Debug|iPhoneSimulator.Deploy.0 = Debug|iPhoneSimulator
		{1AC64574-B3B6-4EFD-8997-ECCC3D5F9542}.Release|Any CPU.ActiveCfg = Release|iPhoneSimulator
		{1AC64574-B3B6-4EFD-8997-ECCC3D5F9542}.Release|Any CPU.Build.0 = Release|iPhoneSimulator
		{1AC64574-B3B6-4EFD-8997-ECCC3D5F9542}.Release|Any CPU.Deploy.0 = Release|iPhoneSimulator
		{1AC64574-B3B6-4EFD-8997-ECCC3D5F9542}.Release|iPhone.ActiveCfg = Release|iPhone
		{1AC64574-B3B6-4EFD-8997-ECCC3D5F9542}.Release|iPhone.Build.0 = Release|iPhone
		{1AC64574-B3B6-4EFD-8997-ECCC3D5F9542}.Release|iPhone.Deploy.0 = Release|iPhone
		{1AC64574-B3B6-4EFD-8997-ECCC3D5F9542}.Release|iPhoneSimulator.ActiveCfg = Release|iPhoneSimulator
		{1AC64574-B3B6-4EFD-8997-ECCC3D5F9542}.Release|iPhoneSimulator.Build.0 = Release|iPhoneSimulator
		{1AC64574-B3B6-4EFD-8997-ECCC3D5F9542}.Release|iPhoneSimulator.Deploy.0 = Release|iPhoneSimulator
		{E0596228-CF54-405A-BE89-383D63301E70}.Debug|Any CPU.ActiveCfg = Debug|Any CPU
		{E0596228-CF54-405A-BE89-383D63301E70}.Debug|Any CPU.Build.0 = Debug|Any CPU
		{E0596228-CF54-405A-BE89-383D63301E70}.Debug|Any CPU.Deploy.0 = Debug|Any CPU
		{E0596228-CF54-405A-BE89-383D63301E70}.Debug|iPhone.ActiveCfg = Debug|Any CPU
		{E0596228-CF54-405A-BE89-383D63301E70}.Debug|iPhone.Build.0 = Debug|Any CPU
		{E0596228-CF54-405A-BE89-383D63301E70}.Debug|iPhone.Deploy.0 = Debug|Any CPU
		{E0596228-CF54-405A-BE89-383D63301E70}.Debug|iPhoneSimulator.ActiveCfg = Debug|Any CPU
		{E0596228-CF54-405A-BE89-383D63301E70}.Debug|iPhoneSimulator.Build.0 = Debug|Any CPU
		{E0596228-CF54-405A-BE89-383D63301E70}.Debug|iPhoneSimulator.Deploy.0 = Debug|Any CPU
		{E0596228-CF54-405A-BE89-383D63301E70}.Release|Any CPU.ActiveCfg = Release|Any CPU
		{E0596228-CF54-405A-BE89-383D63301E70}.Release|Any CPU.Build.0 = Release|Any CPU
		{E0596228-CF54-405A-BE89-383D63301E70}.Release|Any CPU.Deploy.0 = Release|Any CPU
		{E0596228-CF54-405A-BE89-383D63301E70}.Release|iPhone.ActiveCfg = Release|Any CPU
		{E0596228-CF54-405A-BE89-383D63301E70}.Release|iPhone.Build.0 = Release|Any CPU
		{E0596228-CF54-405A-BE89-383D63301E70}.Release|iPhone.Deploy.0 = Release|Any CPU
		{E0596228-CF54-405A-BE89-383D63301E70}.Release|iPhoneSimulator.ActiveCfg = Release|Any CPU
		{E0596228-CF54-405A-BE89-383D63301E70}.Release|iPhoneSimulator.Build.0 = Release|Any CPU
		{E0596228-CF54-405A-BE89-383D63301E70}.Release|iPhoneSimulator.Deploy.0 = Release|Any CPU
	EndGlobalSection
	GlobalSection(SolutionProperties) = preSolution
		HideSolutionNode = FALSE
	EndGlobalSection
	GlobalSection(ExtensibilityGlobals) = postSolution
		SolutionGuid = {54124112-BF52-4733-9246-D2F024231DFB}
	EndGlobalSection
EndGlobal
